
Microsoft Visual Studio Solution File, Format Version 12.00
# Visual Studio Version 16
VisualStudioVersion = 16.0.30114.105
MinimumVisualStudioVersion = 10.0.40219.1
Project("{FAE04EC0-301F-11D3-BF4B-00C04F79EFBC}") = "API", "API\API.csproj", "{B2B97E11-ED19-4B9A-BB1F-D397A3F40BDD}"
EndProject
Project("{FAE04EC0-301F-11D3-BF4B-00C04F79EFBC}") = "Application", "Application\Application.csproj", "{C419FA78-192A-4345-914D-C8498A9F3F4C}"
EndProject
Project("{FAE04EC0-301F-11D3-BF4B-00C04F79EFBC}") = "Persistence", "Persistence\Persistence.csproj", "{F15CED74-3B71-4351-8344-67EAF111D05B}"
EndProject
Project("{FAE04EC0-301F-11D3-BF4B-00C04F79EFBC}") = "Domain", "Domain\Domain.csproj", "{AAB57926-13E3-49E2-8112-9F464EE9A2AE}"
EndProject
Global
	GlobalSection(SolutionConfigurationPlatforms) = preSolution
		Debug|Any CPU = Debug|Any CPU
		Release|Any CPU = Release|Any CPU
	EndGlobalSection
	GlobalSection(SolutionProperties) = preSolution
		HideSolutionNode = FALSE
	EndGlobalSection
	GlobalSection(ProjectConfigurationPlatforms) = postSolution
		{B2B97E11-ED19-4B9A-BB1F-D397A3F40BDD}.Debug|Any CPU.ActiveCfg = Debug|Any CPU
		{B2B97E11-ED19-4B9A-BB1F-D397A3F40BDD}.Debug|Any CPU.Build.0 = Debug|Any CPU
		{B2B97E11-ED19-4B9A-BB1F-D397A3F40BDD}.Release|Any CPU.ActiveCfg = Release|Any CPU
		{B2B97E11-ED19-4B9A-BB1F-D397A3F40BDD}.Release|Any CPU.Build.0 = Release|Any CPU
		{C419FA78-192A-4345-914D-C8498A9F3F4C}.Debug|Any CPU.ActiveCfg = Debug|Any CPU
		{C419FA78-192A-4345-914D-C8498A9F3F4C}.Debug|Any CPU.Build.0 = Debug|Any CPU
		{C419FA78-192A-4345-914D-C8498A9F3F4C}.Release|Any CPU.ActiveCfg = Release|Any CPU
		{C419FA78-192A-4345-914D-C8498A9F3F4C}.Release|Any CPU.Build.0 = Release|Any CPU
		{F15CED74-3B71-4351-8344-67EAF111D05B}.Debug|Any CPU.ActiveCfg = Debug|Any CPU
		{F15CED74-3B71-4351-8344-67EAF111D05B}.Debug|Any CPU.Build.0 = Debug|Any CPU
		{F15CED74-3B71-4351-8344-67EAF111D05B}.Release|Any CPU.ActiveCfg = Release|Any CPU
		{F15CED74-3B71-4351-8344-67EAF111D05B}.Release|Any CPU.Build.0 = Release|Any CPU
		{AAB57926-13E3-49E2-8112-9F464EE9A2AE}.Debug|Any CPU.ActiveCfg = Debug|Any CPU
		{AAB57926-13E3-49E2-8112-9F464EE9A2AE}.Debug|Any CPU.Build.0 = Debug|Any CPU
		{AAB57926-13E3-49E2-8112-9F464EE9A2AE}.Release|Any CPU.ActiveCfg = Release|Any CPU
		{AAB57926-13E3-49E2-8112-9F464EE9A2AE}.Release|Any CPU.Build.0 = Release|Any CPU
	EndGlobalSection
EndGlobal
